
Microsoft Visual Studio Solution File, Format Version 12.00
# Visual Studio Version 17
VisualStudioVersion = 17.2.32630.192
MinimumVisualStudioVersion = 10.0.40219.1
Project("{9A19103F-16F7-4668-BE54-9A1E7A4F7556}") = "silverKeyWebApp", "silverKeyWebApp\silverKeyWebApp.csproj", "{A125D724-AD06-4FAF-98A2-940A75BBB9C7}"
EndProject
Project("{2150E333-8FDC-42A3-9474-1A3956D46DE8}") = "Solution Items", "Solution Items", "{EE442493-8F4D-4C29-A2C7-FA8DAA34FEB7}"
	ProjectSection(SolutionItems) = preProject
		.editorconfig = .editorconfig
		..\..\..\Desktop\my webpage\blackgradient.jpeg = ..\..\..\Desktop\my webpage\blackgradient.jpeg
	EndProjectSection
EndProject
Global
	GlobalSection(SolutionConfigurationPlatforms) = preSolution
		Debug|Any CPU = Debug|Any CPU
		Release|Any CPU = Release|Any CPU
	EndGlobalSection
	GlobalSection(ProjectConfigurationPlatforms) = postSolution
		{A125D724-AD06-4FAF-98A2-940A75BBB9C7}.Debug|Any CPU.ActiveCfg = Debug|Any CPU
		{A125D724-AD06-4FAF-98A2-940A75BBB9C7}.Debug|Any CPU.Build.0 = Debug|Any CPU
		{A125D724-AD06-4FAF-98A2-940A75BBB9C7}.Release|Any CPU.ActiveCfg = Release|Any CPU
		{A125D724-AD06-4FAF-98A2-940A75BBB9C7}.Release|Any CPU.Build.0 = Release|Any CPU
	EndGlobalSection
	GlobalSection(SolutionProperties) = preSolution
		HideSolutionNode = FALSE
	EndGlobalSection
	GlobalSection(ExtensibilityGlobals) = postSolution
		SolutionGuid = {4004D0CE-8A07-45EF-9F8E-B5848EB863DF}
	EndGlobalSection
EndGlobal
