
Microsoft Visual Studio Solution File, Format Version 12.00
# Visual Studio Version 17
VisualStudioVersion = 17.2.32630.192
MinimumVisualStudioVersion = 10.0.40219.1
Project("{FAE04EC0-301F-11D3-BF4B-00C04F79EFBC}") = "UserAdmin", "UserAdmin\UserAdmin.csproj", "{AB37B8C0-0EC1-4234-A457-8ED2D394EF4D}"
EndProject
Global
	GlobalSection(SolutionConfigurationPlatforms) = preSolution
		Debug|Any CPU = Debug|Any CPU
		Release|Any CPU = Release|Any CPU
	EndGlobalSection
	GlobalSection(ProjectConfigurationPlatforms) = postSolution
		{AB37B8C0-0EC1-4234-A457-8ED2D394EF4D}.Debug|Any CPU.ActiveCfg = Debug|Any CPU
		{AB37B8C0-0EC1-4234-A457-8ED2D394EF4D}.Debug|Any CPU.Build.0 = Debug|Any CPU
		{AB37B8C0-0EC1-4234-A457-8ED2D394EF4D}.Release|Any CPU.ActiveCfg = Release|Any CPU
		{AB37B8C0-0EC1-4234-A457-8ED2D394EF4D}.Release|Any CPU.Build.0 = Release|Any CPU
	EndGlobalSection
	GlobalSection(SolutionProperties) = preSolution
		HideSolutionNode = FALSE
	EndGlobalSection
	GlobalSection(ExtensibilityGlobals) = postSolution
		SolutionGuid = {4B1935A8-83CA-4A5D-9861-9B0339C1AFB8}
	EndGlobalSection
EndGlobal
