
Microsoft Visual Studio Solution File, Format Version 12.00
# Visual Studio Version 17
VisualStudioVersion = 17.2.32630.192
MinimumVisualStudioVersion = 10.0.40219.1
Project("{9A19103F-16F7-4668-BE54-9A1E7A4F7556}") = "ContactsDB.Server", "ContactsDB\Server\ContactsDB.Server.csproj", "{4C0A0B52-B317-4E7D-8710-53C3A9713CC3}"
EndProject
Project("{9A19103F-16F7-4668-BE54-9A1E7A4F7556}") = "ContactsDB.Client", "ContactsDB\Client\ContactsDB.Client.csproj", "{82017C90-515B-4198-8ED5-5ED7FA3F5613}"
EndProject
Project("{9A19103F-16F7-4668-BE54-9A1E7A4F7556}") = "ContactsDB.Shared", "ContactsDB\Shared\ContactsDB.Shared.csproj", "{20991557-0E61-418C-9556-D9283F2B130C}"
EndProject
Global
	GlobalSection(SolutionConfigurationPlatforms) = preSolution
		Debug|Any CPU = Debug|Any CPU
		Release|Any CPU = Release|Any CPU
	EndGlobalSection
	GlobalSection(ProjectConfigurationPlatforms) = postSolution
		{4C0A0B52-B317-4E7D-8710-53C3A9713CC3}.Debug|Any CPU.ActiveCfg = Debug|Any CPU
		{4C0A0B52-B317-4E7D-8710-53C3A9713CC3}.Debug|Any CPU.Build.0 = Debug|Any CPU
		{4C0A0B52-B317-4E7D-8710-53C3A9713CC3}.Release|Any CPU.ActiveCfg = Release|Any CPU
		{4C0A0B52-B317-4E7D-8710-53C3A9713CC3}.Release|Any CPU.Build.0 = Release|Any CPU
		{82017C90-515B-4198-8ED5-5ED7FA3F5613}.Debug|Any CPU.ActiveCfg = Debug|Any CPU
		{82017C90-515B-4198-8ED5-5ED7FA3F5613}.Debug|Any CPU.Build.0 = Debug|Any CPU
		{82017C90-515B-4198-8ED5-5ED7FA3F5613}.Release|Any CPU.ActiveCfg = Release|Any CPU
		{82017C90-515B-4198-8ED5-5ED7FA3F5613}.Release|Any CPU.Build.0 = Release|Any CPU
		{20991557-0E61-418C-9556-D9283F2B130C}.Debug|Any CPU.ActiveCfg = Debug|Any CPU
		{20991557-0E61-418C-9556-D9283F2B130C}.Debug|Any CPU.Build.0 = Debug|Any CPU
		{20991557-0E61-418C-9556-D9283F2B130C}.Release|Any CPU.ActiveCfg = Release|Any CPU
		{20991557-0E61-418C-9556-D9283F2B130C}.Release|Any CPU.Build.0 = Release|Any CPU
	EndGlobalSection
	GlobalSection(SolutionProperties) = preSolution
		HideSolutionNode = FALSE
	EndGlobalSection
	GlobalSection(ExtensibilityGlobals) = postSolution
		SolutionGuid = {101B57E8-FD2B-45D3-9322-958C7B202F32}
	EndGlobalSection
EndGlobal
