
Microsoft Visual Studio Solution File, Format Version 12.00
# Visual Studio Version 17
VisualStudioVersion = 17.2.32630.192
MinimumVisualStudioVersion = 10.0.40219.1
Project("{FAE04EC0-301F-11D3-BF4B-00C04F79EFBC}") = "ContactDBBlazor", "ContactDBBlazor\ContactDBBlazor.csproj", "{36C0FA1E-53D0-4019-8F86-E7BB744E757E}"
EndProject
Global
	GlobalSection(SolutionConfigurationPlatforms) = preSolution
		Debug|Any CPU = Debug|Any CPU
		Release|Any CPU = Release|Any CPU
	EndGlobalSection
	GlobalSection(ProjectConfigurationPlatforms) = postSolution
		{36C0FA1E-53D0-4019-8F86-E7BB744E757E}.Debug|Any CPU.ActiveCfg = Debug|Any CPU
		{36C0FA1E-53D0-4019-8F86-E7BB744E757E}.Debug|Any CPU.Build.0 = Debug|Any CPU
		{36C0FA1E-53D0-4019-8F86-E7BB744E757E}.Release|Any CPU.ActiveCfg = Release|Any CPU
		{36C0FA1E-53D0-4019-8F86-E7BB744E757E}.Release|Any CPU.Build.0 = Release|Any CPU
	EndGlobalSection
	GlobalSection(SolutionProperties) = preSolution
		HideSolutionNode = FALSE
	EndGlobalSection
	GlobalSection(ExtensibilityGlobals) = postSolution
		SolutionGuid = {F69A0B4A-627A-4D63-AA0E-C769BE6C8EF6}
	EndGlobalSection
EndGlobal
