
Microsoft Visual Studio Solution File, Format Version 12.00
# Visual Studio Version 17
VisualStudioVersion = 17.2.32630.192
MinimumVisualStudioVersion = 10.0.40219.1
Project("{FAE04EC0-301F-11D3-BF4B-00C04F79EFBC}") = "ContactsBlazor.Server", "ContactsBlazor\Server\ContactsBlazor.Server.csproj", "{A60C5E11-433C-4320-8AE3-456C8671A1CA}"
EndProject
Project("{FAE04EC0-301F-11D3-BF4B-00C04F79EFBC}") = "ContactsBlazor.Client", "ContactsBlazor\Client\ContactsBlazor.Client.csproj", "{1435C691-DA50-4522-8EC6-DD1A8E9DA748}"
EndProject
Project("{FAE04EC0-301F-11D3-BF4B-00C04F79EFBC}") = "ContactsBlazor.Shared", "ContactsBlazor\Shared\ContactsBlazor.Shared.csproj", "{47FC103F-4AD9-4AFE-9F10-D3CA1341FAFD}"
EndProject
Global
	GlobalSection(SolutionConfigurationPlatforms) = preSolution
		Debug|Any CPU = Debug|Any CPU
		Release|Any CPU = Release|Any CPU
	EndGlobalSection
	GlobalSection(ProjectConfigurationPlatforms) = postSolution
		{A60C5E11-433C-4320-8AE3-456C8671A1CA}.Debug|Any CPU.ActiveCfg = Debug|Any CPU
		{A60C5E11-433C-4320-8AE3-456C8671A1CA}.Debug|Any CPU.Build.0 = Debug|Any CPU
		{A60C5E11-433C-4320-8AE3-456C8671A1CA}.Release|Any CPU.ActiveCfg = Release|Any CPU
		{A60C5E11-433C-4320-8AE3-456C8671A1CA}.Release|Any CPU.Build.0 = Release|Any CPU
		{1435C691-DA50-4522-8EC6-DD1A8E9DA748}.Debug|Any CPU.ActiveCfg = Debug|Any CPU
		{1435C691-DA50-4522-8EC6-DD1A8E9DA748}.Debug|Any CPU.Build.0 = Debug|Any CPU
		{1435C691-DA50-4522-8EC6-DD1A8E9DA748}.Release|Any CPU.ActiveCfg = Release|Any CPU
		{1435C691-DA50-4522-8EC6-DD1A8E9DA748}.Release|Any CPU.Build.0 = Release|Any CPU
		{47FC103F-4AD9-4AFE-9F10-D3CA1341FAFD}.Debug|Any CPU.ActiveCfg = Debug|Any CPU
		{47FC103F-4AD9-4AFE-9F10-D3CA1341FAFD}.Debug|Any CPU.Build.0 = Debug|Any CPU
		{47FC103F-4AD9-4AFE-9F10-D3CA1341FAFD}.Release|Any CPU.ActiveCfg = Release|Any CPU
		{47FC103F-4AD9-4AFE-9F10-D3CA1341FAFD}.Release|Any CPU.Build.0 = Release|Any CPU
	EndGlobalSection
	GlobalSection(SolutionProperties) = preSolution
		HideSolutionNode = FALSE
	EndGlobalSection
	GlobalSection(ExtensibilityGlobals) = postSolution
		SolutionGuid = {D70BE49B-BBE5-423C-A31B-5938D850DDA2}
	EndGlobalSection
EndGlobal
