
Microsoft Visual Studio Solution File, Format Version 12.00
# Visual Studio Version 17
VisualStudioVersion = 17.2.32630.192
MinimumVisualStudioVersion = 10.0.40219.1
Project("{FAE04EC0-301F-11D3-BF4B-00C04F79EFBC}") = "TestTaining.Migration", "TestTaining.Migration\TestTaining.Migration.csproj", "{7509C531-22D3-4955-9E52-591A3DACF073}"
EndProject
Project("{FAE04EC0-301F-11D3-BF4B-00C04F79EFBC}") = "TestTraining.Project", "TestTraining.Project\TestTraining.Project.csproj", "{A48E1539-55DE-4068-B3A8-52C55E793533}"
EndProject
Global
	GlobalSection(SolutionConfigurationPlatforms) = preSolution
		Debug|Any CPU = Debug|Any CPU
		Release|Any CPU = Release|Any CPU
	EndGlobalSection
	GlobalSection(ProjectConfigurationPlatforms) = postSolution
		{7509C531-22D3-4955-9E52-591A3DACF073}.Debug|Any CPU.ActiveCfg = Debug|Any CPU
		{7509C531-22D3-4955-9E52-591A3DACF073}.Debug|Any CPU.Build.0 = Debug|Any CPU
		{7509C531-22D3-4955-9E52-591A3DACF073}.Release|Any CPU.ActiveCfg = Release|Any CPU
		{7509C531-22D3-4955-9E52-591A3DACF073}.Release|Any CPU.Build.0 = Release|Any CPU
		{A48E1539-55DE-4068-B3A8-52C55E793533}.Debug|Any CPU.ActiveCfg = Debug|Any CPU
		{A48E1539-55DE-4068-B3A8-52C55E793533}.Debug|Any CPU.Build.0 = Debug|Any CPU
		{A48E1539-55DE-4068-B3A8-52C55E793533}.Release|Any CPU.ActiveCfg = Release|Any CPU
		{A48E1539-55DE-4068-B3A8-52C55E793533}.Release|Any CPU.Build.0 = Release|Any CPU
	EndGlobalSection
	GlobalSection(SolutionProperties) = preSolution
		HideSolutionNode = FALSE
	EndGlobalSection
	GlobalSection(ExtensibilityGlobals) = postSolution
		SolutionGuid = {34F3C0F2-7599-4ADD-AEC9-F24D6DE2C4CD}
	EndGlobalSection
EndGlobal
